
Microsoft Visual Studio Solution File, Format Version 12.00
# Visual Studio 15
VisualStudioVersion = 15.0.28010.2003
MinimumVisualStudioVersion = 10.0.40219.1
Project("{FAE04EC0-301F-11D3-BF4B-00C04F79EFBC}") = "AnBredFMS", "AnBredFMS\AnBredFMS.csproj", "{D631DCC3-2242-4D52-AD73-62488F2486FF}"
EndProject
Global
	GlobalSection(SolutionConfigurationPlatforms) = preSolution
		Debug|Any CPU = Debug|Any CPU
		Release|Any CPU = Release|Any CPU
	EndGlobalSection
	GlobalSection(ProjectConfigurationPlatforms) = postSolution
		{D631DCC3-2242-4D52-AD73-62488F2486FF}.Debug|Any CPU.ActiveCfg = Debug|Any CPU
		{D631DCC3-2242-4D52-AD73-62488F2486FF}.Debug|Any CPU.Build.0 = Debug|Any CPU
		{D631DCC3-2242-4D52-AD73-62488F2486FF}.Release|Any CPU.ActiveCfg = Release|Any CPU
		{D631DCC3-2242-4D52-AD73-62488F2486FF}.Release|Any CPU.Build.0 = Release|Any CPU
	EndGlobalSection
	GlobalSection(SolutionProperties) = preSolution
		HideSolutionNode = FALSE
	EndGlobalSection
	GlobalSection(ExtensibilityGlobals) = postSolution
		SolutionGuid = {ACFEB111-ADB0-423C-8E74-C2A3C8C0D36C}
	EndGlobalSection
EndGlobal
